{
  "version": "4",
  "specifiers": {
    "jsr:@std/assert@1": "1.0.13",
    "jsr:@std/assert@^1.0.13": "1.0.13",
    "jsr:@std/internal@^1.0.6": "1.0.8",
    "jsr:@std/internal@^1.0.8": "1.0.8",
    "jsr:@std/testing@1": "1.0.14"
  },
  "jsr": {
    "@std/assert@1.0.13": {
      "integrity": "ae0d31e41919b12c656c742b22522c32fb26ed0cba32975cb0de2a273cb68b29",
      "dependencies": [
        "jsr:@std/internal@^1.0.6"
      ]
    },
    "@std/internal@1.0.8": {
      "integrity": "fc66e846d8d38a47cffd274d80d2ca3f0de71040f855783724bb6b87f60891f5"
    },
    "@std/testing@1.0.14": {
      "integrity": "144b3737105b9071cb50c957681f58a1b8ec0f3e5b19ad830f401c5fa931e8f0",
      "dependencies": [
        "jsr:@std/assert@^1.0.13",
        "jsr:@std/internal@^1.0.8"
      ]
    }
  },
  "redirects": {
    "https://esm.sh/@ai-sdk/provider-utils@^2.2.8?target=denonext": "https://esm.sh/@ai-sdk/provider-utils@2.2.8?target=denonext",
    "https://esm.sh/@octokit/endpoint@^10.1.4?target=denonext": "https://esm.sh/@octokit/endpoint@10.1.4?target=denonext",
    "https://esm.sh/@octokit/request-error@^6.1.8?target=denonext": "https://esm.sh/@octokit/request-error@6.1.8?target=denonext",
    "https://esm.sh/@octokit/request@^9.0.0?target=denonext": "https://esm.sh/@octokit/request@9.2.4?target=denonext",
    "https://esm.sh/@opentelemetry/api@^1.3.0?target=denonext": "https://esm.sh/@opentelemetry/api@1.9.0?target=denonext",
    "https://esm.sh/@opentelemetry/api@^1.9.0?target=denonext": "https://esm.sh/@opentelemetry/api@1.9.0?target=denonext",
    "https://esm.sh/@opentelemetry/core@^2.0.1?target=denonext": "https://esm.sh/@opentelemetry/core@2.0.1?target=denonext",
    "https://esm.sh/@opentelemetry/otlp-transformer@^0.203.0?target=denonext": "https://esm.sh/@opentelemetry/otlp-transformer@0.203.0?target=denonext",
    "https://esm.sh/@opentelemetry/semantic-conventions@^1.29.0?target=denonext": "https://esm.sh/@opentelemetry/semantic-conventions@1.36.0?target=denonext",
    "https://esm.sh/@protobufjs/aspromise@^1.1.2?target=denonext": "https://esm.sh/@protobufjs/aspromise@1.1.2?target=denonext",
    "https://esm.sh/@protobufjs/base64@^1.1.2?target=denonext": "https://esm.sh/@protobufjs/base64@1.1.2?target=denonext",
    "https://esm.sh/@protobufjs/eventemitter@^1.1.0?target=denonext": "https://esm.sh/@protobufjs/eventemitter@1.1.0?target=denonext",
    "https://esm.sh/@protobufjs/float@^1.0.2?target=denonext": "https://esm.sh/@protobufjs/float@1.0.2?target=denonext",
    "https://esm.sh/@protobufjs/inquire@^1.1.0?target=denonext": "https://esm.sh/@protobufjs/inquire@1.1.0?target=denonext",
    "https://esm.sh/@protobufjs/pool@^1.1.0?target=denonext": "https://esm.sh/@protobufjs/pool@1.1.0?target=denonext",
    "https://esm.sh/@protobufjs/utf8@^1.1.0?target=denonext": "https://esm.sh/@protobufjs/utf8@1.1.0?target=denonext",
    "https://esm.sh/ai@^4.0.0?target=denonext": "https://esm.sh/ai@4.3.19?target=denonext",
    "https://esm.sh/ai@^4.3.16?target=denonext": "https://esm.sh/ai@4.3.19?target=denonext",
    "https://esm.sh/dotenv@^16.6.1?target=denonext": "https://esm.sh/dotenv@16.6.1?target=denonext",
    "https://esm.sh/fast-content-type-parse@^2.0.0?target=denonext": "https://esm.sh/fast-content-type-parse@2.0.1?target=denonext",
    "https://esm.sh/json-schema-to-zod@^2.6.1?target=denonext": "https://esm.sh/json-schema-to-zod@2.6.1?target=denonext",
    "https://esm.sh/nanoid@^3.3.8/non-secure?target=denonext": "https://esm.sh/nanoid@3.3.11/non-secure?target=denonext",
    "https://esm.sh/protobufjs@^7.3.0/minimal?target=denonext": "https://esm.sh/protobufjs@7.5.3/minimal?target=denonext",
    "https://esm.sh/radash@^12.1.1?target=denonext": "https://esm.sh/radash@12.1.1?target=denonext",
    "https://esm.sh/secure-json-parse@^2.7.0?target=denonext": "https://esm.sh/secure-json-parse@2.7.0?target=denonext",
    "https://esm.sh/sift@^17.1.3?target=denonext": "https://esm.sh/sift@17.1.3?target=denonext",
    "https://esm.sh/universal-user-agent@^7.0.0?target=denonext": "https://esm.sh/universal-user-agent@7.0.3?target=denonext",
    "https://esm.sh/universal-user-agent@^7.0.2?target=denonext": "https://esm.sh/universal-user-agent@7.0.3?target=denonext",
    "https://esm.sh/xstate@^5.20.1?target=denonext": "https://esm.sh/xstate@5.20.2?target=denonext",
    "https://esm.sh/zod-from-json-schema@^0.0.5?target=denonext": "https://esm.sh/zod-from-json-schema@0.0.5?target=denonext",
    "https://esm.sh/zod-to-json-schema@^3.24.1?target=denonext": "https://esm.sh/zod-to-json-schema@3.24.6?target=denonext",
    "https://esm.sh/zod-to-json-schema@^3.24.5?target=denonext": "https://esm.sh/zod-to-json-schema@3.24.6?target=denonext",
    "https://esm.sh/zod@^3.0.0?target=denonext": "https://esm.sh/zod@3.25.76?target=denonext",
    "https://esm.sh/zod@^3.23.8?target=denonext": "https://esm.sh/zod@3.25.76?target=denonext",
    "https://esm.sh/zod@^3.24.1?target=denonext": "https://esm.sh/zod@3.25.76?target=denonext",
    "https://esm.sh/zod@^3.24.2?target=denonext": "https://esm.sh/zod@3.25.76?target=denonext",
    "https://esm.sh/zod@^3.25.34?target=denonext": "https://esm.sh/zod@3.25.76?target=denonext"
  },
  "remote": {
    "https://deno.land/std@0.224.0/dotenv/mod.ts": "0180eaeedaaf88647318811cdaa418cc64dc51fb08354f91f5f480d0a1309f7d",
    "https://deno.land/std@0.224.0/dotenv/parse.ts": "09977ff88dfd1f24f9973a338f0f91bbdb9307eb5ff6085446e7c423e4c7ba0c",
    "https://deno.land/std@0.224.0/dotenv/stringify.ts": "275da322c409170160440836342eaa7cf012a1d11a7e700d8ca4e7f2f8aa4615",
    "https://esm.sh/@ai-sdk/deepseek@0.2.15": "1424d277a0683749f7566629d6706e0a182c6d8351fe13ac3b962cb77dff7fb2",
    "https://esm.sh/@ai-sdk/deepseek@0.2.15/denonext/deepseek.mjs": "26613159fe7b210a8e4bb9a675358037710780df7a5b889b31a735ba241d2b03",
    "https://esm.sh/@ai-sdk/mistral@1.2.8": "b5851efcd05567dd2bcfafeff7cce26fa8c91a152c2509fac73f806a64b53193",
    "https://esm.sh/@ai-sdk/mistral@1.2.8/denonext/mistral.mjs": "8d23401365dfcfdf170c282bb2eee43f1260dbde5f681bbbe35de8512465bae1",
    "https://esm.sh/@ai-sdk/openai-compatible@0.2.15/denonext/openai-compatible.mjs": "16422ec8fd21279284171a957916982c89c5ba46713d40fc7da569509bb05af0",
    "https://esm.sh/@ai-sdk/provider-utils@2.2.8/denonext/provider-utils.mjs": "7f8714c3c05d83f58d4cafddd4bd00e5228b8aaf829238089d4275f84fb02ee3",
    "https://esm.sh/@ai-sdk/provider-utils@2.2.8?target=denonext": "f65206da6b90d66c9b0aede446b412782a310c73b17909010aef5a2873125efa",
    "https://esm.sh/@ai-sdk/provider@1.1.3/denonext/provider.mjs": "797a0e0099a8fd9cd41d80af78116c844baf8d0d7a841089effd6c2c28f26970",
    "https://esm.sh/@ai-sdk/ui-utils@1.2.11/denonext/ui-utils.mjs": "230c8806b1780c8f4374341f8cc861741cb845cf1701fb7ea41068865560b09f",
    "https://esm.sh/@mastra/core@0.13.1": "4d724df1fe75e7e21ae5323daeb4b82563350c1a6ddd0a827071d13e91999798",
    "https://esm.sh/@mastra/core@0.13.1/agent": "b82ec5039694e902d0aa3d80d10fc18553a5dd00834f1614591e01956f576f23",
    "https://esm.sh/@mastra/core@0.13.1/denonext/agent.mjs": "d92d858ef64a1a310585e0aa450256b599f1c68a3ce971e48f571deb0a84f6da",
    "https://esm.sh/@mastra/core@0.13.1/denonext/core.mjs": "ab93ccd7f919509b04d31650563f28241a62f1488efee40fd44383bb18c301b6",
    "https://esm.sh/@mastra/core@0.13.1/denonext/dist/chunk-3HXBPDKN.mjs": "f9d32d448bd86aea0087d8453c989df7555c19449eb7808d364f3a6939438501",
    "https://esm.sh/@mastra/core@0.13.1/denonext/dist/chunk-3PL4WX65.mjs": "0204a5cdfc6be7ab6c0609923e273b333e35fbfdf7c1c36e62e371d547a9a796",
    "https://esm.sh/@mastra/core@0.13.1/denonext/dist/chunk-4O4YNORN.mjs": "ee3fdc8155d49a9bec47ebd6794da80c1f1c80f25d96cf9ccf8902faaff84627",
    "https://esm.sh/@mastra/core@0.13.1/denonext/dist/chunk-6AR2Z5ZG.mjs": "26c63a36b3edf108128090f561838d423a622626ffeb9bbe0f321fca167670b2",
    "https://esm.sh/@mastra/core@0.13.1/denonext/dist/chunk-FUERFM46.mjs": "9f738c05c59fbb359d59e206f695cce1ef01fd7ab5adb7fd81ecf15fb7b47300",
    "https://esm.sh/@mastra/core@0.13.1/denonext/dist/chunk-FXGALG5A.mjs": "3c57f1a932edf9f3f1fe67521a9fd0d630841a59b0f805e270cd343051b21edd",
    "https://esm.sh/@mastra/core@0.13.1/denonext/dist/chunk-GK5V7YTQ.mjs": "393dceb8460272f1049adc313b37c8da2cceb460d74faed287bf932b6cba0529",
    "https://esm.sh/@mastra/core@0.13.1/denonext/dist/chunk-HLRWYUFN.mjs": "9471eb18af9a07619b0827a6f9edab5839a644c4c91e5fda9b56fc7be21b8f11",
    "https://esm.sh/@mastra/core@0.13.1/denonext/dist/chunk-JUGCNTXJ.mjs": "74b86117a4fcd3e20f8cab14feff7f9f93c0a19ab4043390b3f53243809d1c0f",
    "https://esm.sh/@mastra/core@0.13.1/denonext/dist/chunk-L2YJ4I5T.mjs": "ecbc3559bae1d56bcc385bbd541ed44399f6eb20386a90417667615ac0b908d4",
    "https://esm.sh/@mastra/core@0.13.1/denonext/dist/chunk-OSBHZ3L7.mjs": "62c177a7c19089568f0873e601ac155edf58b0a23d9ef0b655e56b2d94276a31",
    "https://esm.sh/@mastra/core@0.13.1/denonext/dist/chunk-QU6RMCGM.mjs": "be8fd4406b4b42e516a06627268a55456ccc57346eb941c327afddf2ddfe6086",
    "https://esm.sh/@mastra/core@0.13.1/denonext/dist/chunk-SFF2EJEV.mjs": "cb951d44cac6164867755d6cb34c24953f623ed14158901e9343cd6951a6d9b4",
    "https://esm.sh/@mastra/core@0.13.1/denonext/dist/chunk-TE4VA3NA.mjs": "6f531a80d93b270498a925dbb727a7af11caab607db08cc819982dae35ef05bf",
    "https://esm.sh/@mastra/core@0.13.1/denonext/dist/chunk-TTELJD4F.mjs": "d2a61d822c11a7561359ad7db820001867fb0c0b1c94e5456b61aa06f4bd6a43",
    "https://esm.sh/@mastra/core@0.13.1/denonext/dist/chunk-YW7UILPE.mjs": "32126e57535c8920048a5f830709095d2ee8337097ed326682cb33a6c4e4879f",
    "https://esm.sh/@mastra/schema-compat@0.10.6/denonext/schema-compat.mjs": "53dea09c122aefb9d108cc2d2d51a679476879ec095cb2b43754f622befb3a2a",
    "https://esm.sh/@octokit/endpoint@10.1.4/denonext/endpoint.mjs": "e9695d8b9daba1802149a9f017dc2e9287ce588c599283dd3468fa98e295c533",
    "https://esm.sh/@octokit/endpoint@10.1.4?target=denonext": "91af5e3c9b11af3cfd1d521282b3803bccc1d175708f29045fe89c852d0d219d",
    "https://esm.sh/@octokit/graphql@8.1.1": "734036a3a4a795a6a5c1876f3e65fcb3749f87449a0da205d83136b4e206f3bb",
    "https://esm.sh/@octokit/graphql@8.1.1/denonext/graphql.mjs": "b4d86f94f0d2d5a9ab1501c56d01656e45c1f73d42d63a24ca1bc86c752553ad",
    "https://esm.sh/@octokit/request-error@6.1.8/denonext/request-error.mjs": "4d4ce0f124a0360e3951dcd20c194529da22026ec73522f3a0e5d245f8eedc0e",
    "https://esm.sh/@octokit/request-error@6.1.8?target=denonext": "0cd713a385a5870e3331ea45495111032ca5b819ab867a17583c1d0a4330f453",
    "https://esm.sh/@octokit/request@9.2.4/denonext/request.mjs": "ca8a8ea27d0eb29b09fdb52c56c0ad96d2b3b5822a3aa9746ff6265983329009",
    "https://esm.sh/@octokit/request@9.2.4?target=denonext": "80ddc6cb1e38a9cf4e79dc6fabfdae46fc96345fac4eb6f816a9d03d543edd1a",
    "https://esm.sh/@openrouter/ai-sdk-provider@0.7.5": "91814e2169d88ba4359fff5e2b360a21ebb9c3683924684c602e33de1d7a1899",
    "https://esm.sh/@openrouter/ai-sdk-provider@0.7.5/denonext/ai-sdk-provider.mjs": "b047df03006d1171a4cedb9f1c6278966a6000c5df39e9eff4feddfd8ce25566",
    "https://esm.sh/@opentelemetry/api@1.9.0/denonext/api.mjs": "d9ede8bd549446ae09ea5af32de6b8b7d4ca13bcbd90eb39ae890c0fea78f618",
    "https://esm.sh/@opentelemetry/api@1.9.0?target=denonext": "6969eed0eafa68f1c525555a674daaa3143bb7f41f531bf7c1c9967e32419038",
    "https://esm.sh/@opentelemetry/core@2.0.1/denonext/core.mjs": "33df19d23fd3875d0f0a3356db64cb23f0cbe91d71db586607747b9895054d3f",
    "https://esm.sh/@opentelemetry/core@2.0.1?target=denonext": "b5db1061f2dd85361263941d926022e05037b975a60ff94da25c54e568557835",
    "https://esm.sh/@opentelemetry/otlp-transformer@0.203.0/denonext/otlp-transformer.mjs": "6e5dc0021334264fdc089c9ed54a6627a7d72da807c0b9eb4c16e69438a7210f",
    "https://esm.sh/@opentelemetry/otlp-transformer@0.203.0?target=denonext": "4fb5fcbbd7cd05d51fcae385d2f4d8c658e923e06fb850000cc994cb1941a119",
    "https://esm.sh/@opentelemetry/resources@2.0.1/denonext/build/esm/detectors/platform/node/machine-id/getMachineId-bsd.mjs": "fd87dcbadcbcf6cfffe75b16182b7a13f5de8d51156f1a5db1d5becaa69e932a",
    "https://esm.sh/@opentelemetry/resources@2.0.1/denonext/build/esm/detectors/platform/node/machine-id/getMachineId-darwin.mjs": "b7c0ca8b6ab1c3519f7c650b1462387fbf29fdf0eccedae9a6a31623614c642e",
    "https://esm.sh/@opentelemetry/resources@2.0.1/denonext/build/esm/detectors/platform/node/machine-id/getMachineId-linux.mjs": "ea2a0a2965f60a93a73ab2383a1f9dc64551c080ee4bff72199fca0a742377fb",
    "https://esm.sh/@opentelemetry/resources@2.0.1/denonext/build/esm/detectors/platform/node/machine-id/getMachineId-unsupported.mjs": "4d79405807fd973d04a2b3ebd3bbedd718a254cc29707f0d7ca29dbf0ef4c337",
    "https://esm.sh/@opentelemetry/resources@2.0.1/denonext/build/esm/detectors/platform/node/machine-id/getMachineId-win.mjs": "10dd907a08015c437e01fe26e8ba8c332163b280a349ef3037f9168474fe03ad",
    "https://esm.sh/@opentelemetry/resources@2.0.1/denonext/resources.mjs": "e588057acdfbd33e6174efd10a65265e38286568e974819c9411eb2fdb7a345b",
    "https://esm.sh/@opentelemetry/sdk-metrics@2.0.1/denonext/sdk-metrics.mjs": "54c560def56e017ed2e22e178920df997d5d78724f15ea26e81fb9bf46307ac4",
    "https://esm.sh/@opentelemetry/semantic-conventions@1.36.0/denonext/semantic-conventions.mjs": "019edd516d4d9851f95c41b85267824c812e1c4725622c77c4b0a0e965c4ad58",
    "https://esm.sh/@opentelemetry/semantic-conventions@1.36.0?target=denonext": "82a2fbfeddeb3a0c143519b3853423a045cae010636d82bbed842dfa72abf484",
    "https://esm.sh/@protobufjs/aspromise@1.1.2/denonext/aspromise.mjs": "42263ba2437b20598db4aa4f97b9034a8880367101106cc2ce5891ffeedafbff",
    "https://esm.sh/@protobufjs/aspromise@1.1.2?target=denonext": "c67fb914ba68a42727f6a23744afff131bfee8953fda16331aa0a6b526a48c2d",
    "https://esm.sh/@protobufjs/base64@1.1.2/denonext/base64.mjs": "c403508e23e63d3bb3d8a4f056699705e93cafaae6e32d4768118b7af69fbee2",
    "https://esm.sh/@protobufjs/base64@1.1.2?target=denonext": "d0ea0304ec83d4a87e10bba20529526278dadf069725dd1105108a42446c50cb",
    "https://esm.sh/@protobufjs/eventemitter@1.1.0/denonext/eventemitter.mjs": "82b5941228754583cec950b395d22dee574e84c31d2c2952776f085834c0ec18",
    "https://esm.sh/@protobufjs/eventemitter@1.1.0?target=denonext": "c1461c00f36a525667413364b4a96915bd505f51430949b37c0c4113ad5ec100",
    "https://esm.sh/@protobufjs/float@1.0.2/denonext/float.mjs": "dbb7a7f5eb95ef2c4405e0f042eacbd8a3126fd8b840d689dd89e96c3df124c7",
    "https://esm.sh/@protobufjs/float@1.0.2?target=denonext": "cafc0d1d49ce6ffe819b24d47d0dc44f490d26d227ea9eeacee2ebecc9983134",
    "https://esm.sh/@protobufjs/inquire@1.1.0/denonext/inquire.mjs": "502c9c645fd92b1659661f344c004300f6416bd956b3295fb0b915cb82077aaa",
    "https://esm.sh/@protobufjs/inquire@1.1.0?target=denonext": "5b6f22a040faef741c49c16d9935612ed9418d561fe5073bd6aad56fc0d64f6b",
    "https://esm.sh/@protobufjs/pool@1.1.0/denonext/pool.mjs": "c03e18151f1ad4100396523c4b2f518fe2b8335be7d1ed9ca74da3981d5d819e",
    "https://esm.sh/@protobufjs/pool@1.1.0?target=denonext": "cc74dfe7379aed173a9eca69c8764cf15ce96ea5e5785b0abdf0064ad3e88b57",
    "https://esm.sh/@protobufjs/utf8@1.1.0/denonext/utf8.mjs": "42a086aadacf59dcc5d48b322458b630e790401d19d0b6f9f6de9c02f3cacd5c",
    "https://esm.sh/@protobufjs/utf8@1.1.0?target=denonext": "07adee09439de4bd729909e2f428e329da167642ff00675bbf76c8f48232f5fc",
    "https://esm.sh/ai@4.3.19/denonext/ai.mjs": "3da86b99b54ee6feafabd6f26cb8db94664ef64cfe6fae1097d2c49ea5daf957",
    "https://esm.sh/ai@4.3.19?target=denonext": "b968468676840569d0d1316bbabc2ed143ec75ca02dc4e54d43f4541e132bdc7",
    "https://esm.sh/dotenv@16.6.1/denonext/dotenv.mjs": "824e346f4a6dfa2402c5a12a3622bb1e89f4de5ce15eaf110eb7cd2ef9a3e13c",
    "https://esm.sh/dotenv@16.6.1/package.json?module": "88ce325fe891325239af2f4163f8ef5c38daaeb04325db26b340665c833e1779",
    "https://esm.sh/dotenv@16.6.1?target=denonext": "efb42a8c3c1af522d3b5e2f2b081559c88a9cc8f616ed023fff1310a3fd4f93d",
    "https://esm.sh/fast-content-type-parse@2.0.1/denonext/fast-content-type-parse.mjs": "436d0ff6ce4508efcb9023892d25cc9d7eb321e9321a0d3aaf870300dc2e8578",
    "https://esm.sh/fast-content-type-parse@2.0.1?target=denonext": "7170ebd0186887d73afc67050a28e5350171e5e842e82a10309e829eabdf138a",
    "https://esm.sh/json-schema-to-zod@2.6.1/denonext/json-schema-to-zod.mjs": "03f76c7de6b5a409847eecaf1fa6d85c24505684835ec19209e042b5e3be122b",
    "https://esm.sh/json-schema-to-zod@2.6.1?target=denonext": "d34c6ffa547c96829385f1193e8ab3fb1240cb59134611761d77050d8826e614",
    "https://esm.sh/json-schema@0.4.0": "21a68e4e83b0441c3a90fa051c6b7c42d29926e4ff429745eebec153ac53cd7a",
    "https://esm.sh/json-schema@0.4.0/denonext/json-schema.mjs": "95225c6fc709935fca00cfc112f2ab043d204f7bd07a8aaec75b1b5f24ca8bf6",
    "https://esm.sh/nanoid@3.3.11/denonext/non-secure.mjs": "1f166118c1c4b4d4b5356ef0050fed87acf28cdb8a76813803fee72188f18b30",
    "https://esm.sh/nanoid@3.3.11/non-secure?target=denonext": "ac0c34cc5f9846db51a5d868ce6ee815f831a19b1d57a1b8bae9226fc8d68dec",
    "https://esm.sh/protobufjs@7.5.3/denonext/minimal.mjs": "138a4c0c0076b3e08060c033d1b3f363483e6e37a31af4c68e49a7b8e311e4b1",
    "https://esm.sh/protobufjs@7.5.3/minimal?target=denonext": "55c093416d90ad6fc877147560c365d9dc1cf4f4db57df4692479436ffae4882",
    "https://esm.sh/radash@12.1.1/denonext/radash.mjs": "0f68e27abfe79100f8aa3614227e07968470c1496b392013774fce414aa549ea",
    "https://esm.sh/radash@12.1.1?target=denonext": "93f14ab2f63a95fdf3f95809516a426ee1eacbc52e73e6ab9c96f2789ca12d08",
    "https://esm.sh/secure-json-parse@2.7.0/denonext/secure-json-parse.mjs": "bb9840bcb6fdce5857d7412b4c4e272b70044efac66a58cc78d8c97bdb56786d",
    "https://esm.sh/secure-json-parse@2.7.0?target=denonext": "00b85213b6c18313c3de9c07941e27f9666f8c601818c221775a4f744430f89f",
    "https://esm.sh/sift@17.1.3/denonext/sift.mjs": "384f268802805cf652409eb8753afd0a5230fcdd1fe18ec53d1eba07f0487593",
    "https://esm.sh/sift@17.1.3?target=denonext": "46f68423bb71122db87c0f92566a98440955ab095ce5a50daa2b68354ba249b8",
    "https://esm.sh/twitter-api-v2@1.15.2": "fb54787bfc34bdd3f53ebb2f9036cce06788162b95e5d8f759469d82685d1b75",
    "https://esm.sh/twitter-api-v2@1.15.2/denonext/twitter-api-v2.mjs": "1a45c978adf0c85370363eb216a14231eaa4dc3fd4f4f152031a63a474c6a01c",
    "https://esm.sh/universal-user-agent@7.0.3/denonext/universal-user-agent.mjs": "021090b5f3bb060b1b0364cb79daa2cc3760db58a023cd8892a098e6256a84c4",
    "https://esm.sh/universal-user-agent@7.0.3?target=denonext": "78cc32318bbfe205823697bc1fcec2e9a15a435cca022aaeb93024a61e106224",
    "https://esm.sh/xstate@5.20.2/denonext/actors.mjs": "73abe4afb01cfadc9500598eb9c232b6c7181a8aeb5f38b5210fb80033a04235",
    "https://esm.sh/xstate@5.20.2/denonext/dev.mjs": "1f3c3bae58440f3ff8e9907c6cbc13d40d0440f79f08def95c9d04ff7dfd2008",
    "https://esm.sh/xstate@5.20.2/denonext/dist/StateMachine-31b70dc4.esm.mjs": "6376f9f303bf89307c23c89ac7818c6a56eda4d9998b2b23da5baaf028f22813",
    "https://esm.sh/xstate@5.20.2/denonext/dist/assign-828d933a.esm.mjs": "afcfaba125ec4b17560776536c3bd6e82f1752c01efd2be8c26f5fdbd2724d9b",
    "https://esm.sh/xstate@5.20.2/denonext/dist/log-b74eb32d.esm.mjs": "9e301d90f54ed5cdf75212ddf22e933a2f2f1ed6526e44f037950215ef7dcd68",
    "https://esm.sh/xstate@5.20.2/denonext/dist/raise-bfb6713e.esm.mjs": "9cdec146e53f9426e3fd5ed4f55bad7ccd1bd9a13c3f1284ca7f9c5d8a14bb2a",
    "https://esm.sh/xstate@5.20.2/denonext/xstate.mjs": "8187460dee3df4cc5a5c2c2fedbc605a3c06c060ef9ce92230300df98f9be587",
    "https://esm.sh/xstate@5.20.2?target=denonext": "b367f6d81a9f3bb0fc78734a7d3b92b43a1826c40f6d763057a20173046c1cbd",
    "https://esm.sh/zod-from-json-schema@0.0.5/denonext/zod-from-json-schema.mjs": "19a940a66a0e59bcbec62a64054a810f4a25179c70f166b74dbc3f448f1a9cf7",
    "https://esm.sh/zod-from-json-schema@0.0.5?target=denonext": "a5b93c5393de85098295c19e77d1ab5a7bc00ffe37be52f9be8eea98bcf3b0d4",
    "https://esm.sh/zod-to-json-schema@3.24.6/denonext/zod-to-json-schema.mjs": "ed524f37593b110634c6239bebefd5c571f1681295af6683bdd73332805f58d6",
    "https://esm.sh/zod-to-json-schema@3.24.6?target=denonext": "39d628a1c788caaf62002755688e9a4e777272b75d8b85a4c5768dc4ab3e7e32",
    "https://esm.sh/zod@3.25.76/denonext/zod.mjs": "9f643d0cc560840b7fa3b6e6fc3a5a41595f12ff8863cac0ccbae3ec98989284",
    "https://esm.sh/zod@3.25.76?target=denonext": "7d2e5b7450d6f99b9b3b228958bd1291d5a1f8378f82b8cdd2ce83b2f14961c2"
  },
  "workspace": {
    "dependencies": [
      "jsr:@std/assert@1",
      "jsr:@std/testing@1"
    ]
  }
}
